// !$*UTF8*$!
{
	archiveVersion = 1;
	classes = {
	};
	objectVersion = 46;
	objects = {

/* Begin PBXBuildFile section */
		051CE00C1D0FE99100AEA9CC /* ResourcePath.mm in Sources */ = {isa = PBXBuildFile; fileRef = 051CE00B1D0FE99100AEA9CC /* ResourcePath.mm */; };
		051CE00F1D0FE99100AEA9CC /* main.cpp in Sources */ = {isa = PBXBuildFile; fileRef = 051CE00E1D0FE99100AEA9CC /* main.cpp */; };
		051CE0121D0FE99100AEA9CC /* cute_image.jpg in Resources */ = {isa = PBXBuildFile; fileRef = 051CE0111D0FE99100AEA9CC /* cute_image.jpg */; };
		051CE0141D0FE99100AEA9CC /* nice_music.ogg in Resources */ = {isa = PBXBuildFile; fileRef = 051CE0131D0FE99100AEA9CC /* nice_music.ogg */; };
		051CE0161D0FE99100AEA9CC /* sansation.ttf in Resources */ = {isa = PBXBuildFile; fileRef = 051CE0151D0FE99100AEA9CC /* sansation.ttf */; };
		051CE0181D0FE99100AEA9CC /* icon.png in Resources */ = {isa = PBXBuildFile; fileRef = 051CE0171D0FE99100AEA9CC /* icon.png */; };
		051CE0201D10BEB600AEA9CC /* Entity.cpp in Sources */ = {isa = PBXBuildFile; fileRef = 051CE01E1D10BEB600AEA9CC /* Entity.cpp */; };
		051CE0781D112EC400AEA9CC /* Map.cpp in Sources */ = {isa = PBXBuildFile; fileRef = 051CE0761D112EC400AEA9CC /* Map.cpp */; };
		053D181220C9CB8100B70272 /* car.png in Resources */ = {isa = PBXBuildFile; fileRef = 053D181120C9CB8100B70272 /* car.png */; };
		053D181420C9EEC500B70272 /* Vehicle.cpp in Sources */ = {isa = PBXBuildFile; fileRef = 053D181320C9EEC500B70272 /* Vehicle.cpp */; };
		053D181620C9EEE600B70272 /* MovingEntity.cpp in Sources */ = {isa = PBXBuildFile; fileRef = 053D181520C9EEE600B70272 /* MovingEntity.cpp */; };
		053D181820CF07F000B70272 /* carMath.cpp in Sources */ = {isa = PBXBuildFile; fileRef = 053D181720CF07F000B70272 /* carMath.cpp */; };
		053D181B20D067A300B70272 /* desert.png in Resources */ = {isa = PBXBuildFile; fileRef = 053D181A20D067A300B70272 /* desert.png */; };
		053D181E20D06BAF00B70272 /* Camera.cpp in Sources */ = {isa = PBXBuildFile; fileRef = 053D181C20D06BAF00B70272 /* Camera.cpp */; };
		053D182120D96A4000B70272 /* Controls.cpp in Sources */ = {isa = PBXBuildFile; fileRef = 053D181F20D96A4000B70272 /* Controls.cpp */; };
		056167A6220252320013B1B2 /* README.md in Resources */ = {isa = PBXBuildFile; fileRef = 056167A5220252320013B1B2 /* README.md */; };
		056167A8220258650013B1B2 /* screenshot1.png in Resources */ = {isa = PBXBuildFile; fileRef = 056167A7220258650013B1B2 /* screenshot1.png */; };
		0586C1C81E8EC23D003BB06F /* Component.cpp in Sources */ = {isa = PBXBuildFile; fileRef = 0586C1C71E8EC23D003BB06F /* Component.cpp */; };
		05DA9B97227223F900872EEB /* main.cpp in Sources */ = {isa = PBXBuildFile; fileRef = 05DA9B96227223F900872EEB /* main.cpp */; };
		05DA9B9B2272240D00872EEB /* test_driving_sim.cpp in Sources */ = {isa = PBXBuildFile; fileRef = 05DA9B8E2272215000872EEB /* test_driving_sim.cpp */; };
/* End PBXBuildFile section */

/* Begin PBXContainerItemProxy section */
		05567E6E2242D4E8002508B4 /* PBXContainerItemProxy */ = {
			isa = PBXContainerItemProxy;
			containerPortal = 051CDFFD1D0FE99100AEA9CC /* Project object */;
			proxyType = 1;
			remoteGlobalIDString = 051CE0051D0FE99100AEA9CC;
			remoteInfo = cargame;
		};
/* End PBXContainerItemProxy section */

/* Begin PBXCopyFilesBuildPhase section */
		05DA9B92227223F900872EEB /* CopyFiles */ = {
			isa = PBXCopyFilesBuildPhase;
			buildActionMask = 2147483647;
			dstPath = /usr/share/man/man1/;
			dstSubfolderSpec = 0;
			files = (
			);
			runOnlyForDeploymentPostprocessing = 1;
		};
/* End PBXCopyFilesBuildPhase section */

/* Begin PBXFileReference section */
		051CE00A1D0FE99100AEA9CC /* cargame-Info.plist */ = {isa = PBXFileReference; lastKnownFileType = text.plist.xml; path = "cargame-Info.plist"; sourceTree = "<group>"; };
		051CE00B1D0FE99100AEA9CC /* ResourcePath.mm */ = {isa = PBXFileReference; lastKnownFileType = sourcecode.cpp.objcpp; path = ResourcePath.mm; sourceTree = "<group>"; };
		051CE00D1D0FE99100AEA9CC /* ResourcePath.hpp */ = {isa = PBXFileReference; lastKnownFileType = sourcecode.cpp.h; path = ResourcePath.hpp; sourceTree = "<group>"; };
		051CE00E1D0FE99100AEA9CC /* main.cpp */ = {isa = PBXFileReference; lastKnownFileType = sourcecode.cpp.cpp; path = main.cpp; sourceTree = "<group>"; };
		051CE0111D0FE99100AEA9CC /* cute_image.jpg */ = {isa = PBXFileReference; lastKnownFileType = image.jpeg; path = cute_image.jpg; sourceTree = "<group>"; };
		051CE0131D0FE99100AEA9CC /* nice_music.ogg */ = {isa = PBXFileReference; lastKnownFileType = file; path = nice_music.ogg; sourceTree = "<group>"; };
		051CE0151D0FE99100AEA9CC /* sansation.ttf */ = {isa = PBXFileReference; lastKnownFileType = file; path = sansation.ttf; sourceTree = "<group>"; };
		051CE0171D0FE99100AEA9CC /* icon.png */ = {isa = PBXFileReference; lastKnownFileType = image.png; path = icon.png; sourceTree = "<group>"; };
		051CE01E1D10BEB600AEA9CC /* Entity.cpp */ = {isa = PBXFileReference; fileEncoding = 4; lastKnownFileType = sourcecode.cpp.cpp; path = Entity.cpp; sourceTree = "<group>"; };
		051CE01F1D10BEB600AEA9CC /* Entity.hpp */ = {isa = PBXFileReference; fileEncoding = 4; lastKnownFileType = sourcecode.cpp.h; path = Entity.hpp; sourceTree = "<group>"; };
		051CE0761D112EC400AEA9CC /* Map.cpp */ = {isa = PBXFileReference; fileEncoding = 4; lastKnownFileType = sourcecode.cpp.cpp; path = Map.cpp; sourceTree = "<group>"; };
		051CE0771D112EC400AEA9CC /* Map.hpp */ = {isa = PBXFileReference; fileEncoding = 4; lastKnownFileType = sourcecode.cpp.h; path = Map.hpp; sourceTree = "<group>"; };
		051CE0791D112F7200AEA9CC /* Config.hpp */ = {isa = PBXFileReference; lastKnownFileType = sourcecode.cpp.h; path = Config.hpp; sourceTree = "<group>"; };
		053D181120C9CB8100B70272 /* car.png */ = {isa = PBXFileReference; lastKnownFileType = image.png; path = car.png; sourceTree = "<group>"; };
		053D181320C9EEC500B70272 /* Vehicle.cpp */ = {isa = PBXFileReference; lastKnownFileType = sourcecode.cpp.cpp; path = Vehicle.cpp; sourceTree = "<group>"; };
		053D181520C9EEE600B70272 /* MovingEntity.cpp */ = {isa = PBXFileReference; lastKnownFileType = sourcecode.cpp.cpp; path = MovingEntity.cpp; sourceTree = "<group>"; };
		053D181720CF07F000B70272 /* carMath.cpp */ = {isa = PBXFileReference; lastKnownFileType = sourcecode.cpp.cpp; path = carMath.cpp; sourceTree = "<group>"; };
		053D181920CF0BBB00B70272 /* carMath.hpp */ = {isa = PBXFileReference; lastKnownFileType = sourcecode.cpp.h; path = carMath.hpp; sourceTree = "<group>"; };
		053D181A20D067A300B70272 /* desert.png */ = {isa = PBXFileReference; lastKnownFileType = image.png; path = desert.png; sourceTree = "<group>"; };
		053D181C20D06BAF00B70272 /* Camera.cpp */ = {isa = PBXFileReference; lastKnownFileType = sourcecode.cpp.cpp; path = Camera.cpp; sourceTree = "<group>"; };
		053D181D20D06BAF00B70272 /* Camera.hpp */ = {isa = PBXFileReference; lastKnownFileType = sourcecode.cpp.h; path = Camera.hpp; sourceTree = "<group>"; };
		053D181F20D96A4000B70272 /* Controls.cpp */ = {isa = PBXFileReference; lastKnownFileType = sourcecode.cpp.cpp; path = Controls.cpp; sourceTree = "<group>"; };
		053D182020D96A4000B70272 /* Controls.hpp */ = {isa = PBXFileReference; lastKnownFileType = sourcecode.cpp.h; path = Controls.hpp; sourceTree = "<group>"; };
		056167A5220252320013B1B2 /* README.md */ = {isa = PBXFileReference; fileEncoding = 4; lastKnownFileType = net.daringfireball.markdown; path = README.md; sourceTree = "<group>"; };
		056167A7220258650013B1B2 /* screenshot1.png */ = {isa = PBXFileReference; lastKnownFileType = image.png; path = screenshot1.png; sourceTree = "<group>"; };
		05853D441E86EE76005C54E7 /* MovingEntity.hpp */ = {isa = PBXFileReference; lastKnownFileType = sourcecode.cpp.h; path = MovingEntity.hpp; sourceTree = "<group>"; };
		05853D451E86F05C005C54E7 /* Vehicle.hpp */ = {isa = PBXFileReference; lastKnownFileType = sourcecode.cpp.h; path = Vehicle.hpp; sourceTree = "<group>"; };
		05853D461E88AA8F005C54E7 /* Component.hpp */ = {isa = PBXFileReference; lastKnownFileType = sourcecode.cpp.h; path = Component.hpp; sourceTree = "<group>"; };
		0586C1C71E8EC23D003BB06F /* Component.cpp */ = {isa = PBXFileReference; fileEncoding = 4; lastKnownFileType = sourcecode.cpp.cpp; path = Component.cpp; sourceTree = "<group>"; };
		05C04D04247C7E8900E0FFA1 /* cargame.app */ = {isa = PBXFileReference; explicitFileType = wrapper.application; includeInIndex = 0; path = cargame.app; sourceTree = BUILT_PRODUCTS_DIR; };
		05C04D05247C7E8900E0FFA1 /* cargameTests.xctest */ = {isa = PBXFileReference; explicitFileType = wrapper.cfbundle; includeInIndex = 0; path = cargameTests.xctest; sourceTree = BUILT_PRODUCTS_DIR; };
		05C04D06247C7E8900E0FFA1 /* TestCarGame */ = {isa = PBXFileReference; explicitFileType = "compiled.mach-o.executable"; includeInIndex = 0; path = TestCarGame; sourceTree = BUILT_PRODUCTS_DIR; };
		05DA9B8D22721F8700872EEB /* catch.hpp */ = {isa = PBXFileReference; fileEncoding = 4; lastKnownFileType = sourcecode.cpp.h; path = catch.hpp; sourceTree = "<group>"; };
		05DA9B8E2272215000872EEB /* test_driving_sim.cpp */ = {isa = PBXFileReference; lastKnownFileType = sourcecode.cpp.cpp; path = test_driving_sim.cpp; sourceTree = "<group>"; };
		05DA9B96227223F900872EEB /* main.cpp */ = {isa = PBXFileReference; lastKnownFileType = sourcecode.cpp.cpp; path = main.cpp; sourceTree = "<group>"; };
/* End PBXFileReference section */

/* Begin PBXFrameworksBuildPhase section */
		051CE0021D0FE99100AEA9CC /* Frameworks */ = {
			isa = PBXFrameworksBuildPhase;
			buildActionMask = 2147483647;
			files = (
			);
			runOnlyForDeploymentPostprocessing = 0;
		};
		05567E662242D4E8002508B4 /* Frameworks */ = {
			isa = PBXFrameworksBuildPhase;
			buildActionMask = 2147483647;
			files = (
			);
			runOnlyForDeploymentPostprocessing = 0;
		};
		05DA9B91227223F900872EEB /* Frameworks */ = {
			isa = PBXFrameworksBuildPhase;
			buildActionMask = 2147483647;
			files = (
			);
			runOnlyForDeploymentPostprocessing = 0;
		};
/* End PBXFrameworksBuildPhase section */

/* Begin PBXGroup section */
		051CDFFC1D0FE99100AEA9CC = {
			isa = PBXGroup;
			children = (
				056167A7220258650013B1B2 /* screenshot1.png */,
				056167A5220252320013B1B2 /* README.md */,
				051CE0081D0FE99100AEA9CC /* cargame */,
				05DA9B95227223F900872EEB /* TestCarGame */,
				05C04D04247C7E8900E0FFA1 /* cargame.app */,
				05C04D05247C7E8900E0FFA1 /* cargameTests.xctest */,
				05C04D06247C7E8900E0FFA1 /* TestCarGame */,
			);
			sourceTree = "<group>";
		};
		051CE0081D0FE99100AEA9CC /* cargame */ = {
			isa = PBXGroup;
			children = (
				053D181F20D96A4000B70272 /* Controls.cpp */,
				053D182020D96A4000B70272 /* Controls.hpp */,
				051CE0791D112F7200AEA9CC /* Config.hpp */,
				053D181920CF0BBB00B70272 /* carMath.hpp */,
				053D181720CF07F000B70272 /* carMath.cpp */,
				053D181C20D06BAF00B70272 /* Camera.cpp */,
				053D181D20D06BAF00B70272 /* Camera.hpp */,
				05853D441E86EE76005C54E7 /* MovingEntity.hpp */,
				053D181520C9EEE600B70272 /* MovingEntity.cpp */,
				05853D451E86F05C005C54E7 /* Vehicle.hpp */,
				053D181320C9EEC500B70272 /* Vehicle.cpp */,
				05853D461E88AA8F005C54E7 /* Component.hpp */,
				0586C1C71E8EC23D003BB06F /* Component.cpp */,
				051CE0761D112EC400AEA9CC /* Map.cpp */,
				051CE0771D112EC400AEA9CC /* Map.hpp */,
				051CE00B1D0FE99100AEA9CC /* ResourcePath.mm */,
				051CE00D1D0FE99100AEA9CC /* ResourcePath.hpp */,
				051CE00E1D0FE99100AEA9CC /* main.cpp */,
				051CE01F1D10BEB600AEA9CC /* Entity.hpp */,
				051CE01E1D10BEB600AEA9CC /* Entity.cpp */,
				051CE0101D0FE99100AEA9CC /* Resources */,
				051CE0091D0FE99100AEA9CC /* Supporting Files */,
			);
			path = cargame;
			sourceTree = "<group>";
		};
		051CE0091D0FE99100AEA9CC /* Supporting Files */ = {
			isa = PBXGroup;
			children = (
				051CE00A1D0FE99100AEA9CC /* cargame-Info.plist */,
			);
			name = "Supporting Files";
			sourceTree = "<group>";
		};
		051CE0101D0FE99100AEA9CC /* Resources */ = {
			isa = PBXGroup;
			children = (
				053D181A20D067A300B70272 /* desert.png */,
				053D181120C9CB8100B70272 /* car.png */,
				051CE0111D0FE99100AEA9CC /* cute_image.jpg */,
				051CE0131D0FE99100AEA9CC /* nice_music.ogg */,
				051CE0151D0FE99100AEA9CC /* sansation.ttf */,
				051CE0171D0FE99100AEA9CC /* icon.png */,
			);
			name = Resources;
			sourceTree = "<group>";
		};
		05DA9B95227223F900872EEB /* TestCarGame */ = {
			isa = PBXGroup;
			children = (
				05DA9B8D22721F8700872EEB /* catch.hpp */,
				05DA9B8E2272215000872EEB /* test_driving_sim.cpp */,
				05DA9B96227223F900872EEB /* main.cpp */,
			);
			path = TestCarGame;
			sourceTree = "<group>";
		};
/* End PBXGroup section */

/* Begin PBXNativeTarget section */
		051CE0051D0FE99100AEA9CC /* cargame */ = {
			isa = PBXNativeTarget;
			buildConfigurationList = 051CE01B1D0FE99100AEA9CC /* Build configuration list for PBXNativeTarget "cargame" */;
			buildPhases = (
				051CE0011D0FE99100AEA9CC /* Sources */,
				051CE0021D0FE99100AEA9CC /* Frameworks */,
				051CE0031D0FE99100AEA9CC /* Resources */,
				051CE0041D0FE99100AEA9CC /* ShellScript */,
			);
			buildRules = (
			);
			dependencies = (
			);
			name = cargame;
			productName = cargame;
			productReference = 05C04D04247C7E8900E0FFA1 /* cargame.app */;
			productType = "com.apple.product-type.application";
		};
		05567E682242D4E8002508B4 /* cargameTests */ = {
			isa = PBXNativeTarget;
			buildConfigurationList = 05567E702242D4E8002508B4 /* Build configuration list for PBXNativeTarget "cargameTests" */;
			buildPhases = (
				05567E652242D4E8002508B4 /* Sources */,
				05567E662242D4E8002508B4 /* Frameworks */,
				05567E672242D4E8002508B4 /* Resources */,
			);
			buildRules = (
			);
			dependencies = (
				05567E6F2242D4E8002508B4 /* PBXTargetDependency */,
			);
			name = cargameTests;
			productName = cargameTests;
			productReference = 05C04D05247C7E8900E0FFA1 /* cargameTests.xctest */;
			productType = "com.apple.product-type.bundle.unit-test";
		};
		05DA9B93227223F900872EEB /* TestCarGame */ = {
			isa = PBXNativeTarget;
			buildConfigurationList = 05DA9B98227223F900872EEB /* Build configuration list for PBXNativeTarget "TestCarGame" */;
			buildPhases = (
				05DA9B90227223F900872EEB /* Sources */,
				05DA9B91227223F900872EEB /* Frameworks */,
				05DA9B92227223F900872EEB /* CopyFiles */,
			);
			buildRules = (
			);
			dependencies = (
			);
			name = TestCarGame;
			productName = TestCarGame;
			productReference = 05C04D06247C7E8900E0FFA1 /* TestCarGame */;
			productType = "com.apple.product-type.tool";
		};
/* End PBXNativeTarget section */

/* Begin PBXProject section */
		051CDFFD1D0FE99100AEA9CC /* Project object */ = {
			isa = PBXProject;
			attributes = {
				LastSwiftUpdateCheck = 1010;
				LastUpgradeCheck = 1130;
				ORGANIZATIONNAME = "Philip Routley";
				TargetAttributes = {
					051CE0051D0FE99100AEA9CC = {
						CreatedOnToolsVersion = 7.3.1;
					};
					05567E682242D4E8002508B4 = {
						CreatedOnToolsVersion = 10.1;
						ProvisioningStyle = Automatic;
						TestTargetID = 051CE0051D0FE99100AEA9CC;
					};
					05DA9B93227223F900872EEB = {
						CreatedOnToolsVersion = 10.1;
						ProvisioningStyle = Automatic;
					};
				};
			};
			buildConfigurationList = 051CE0001D0FE99100AEA9CC /* Build configuration list for PBXProject "cargame" */;
			compatibilityVersion = "Xcode 3.2";
			developmentRegion = en;
			hasScannedForEncodings = 0;
			knownRegions = (
				en,
				Base,
			);
			mainGroup = 051CDFFC1D0FE99100AEA9CC;
			productRefGroup = 051CDFFC1D0FE99100AEA9CC;
			projectDirPath = "";
			projectRoot = "";
			targets = (
				051CE0051D0FE99100AEA9CC /* cargame */,
				05567E682242D4E8002508B4 /* cargameTests */,
				05DA9B93227223F900872EEB /* TestCarGame */,
			);
		};
/* End PBXProject section */

/* Begin PBXResourcesBuildPhase section */
		051CE0031D0FE99100AEA9CC /* Resources */ = {
			isa = PBXResourcesBuildPhase;
			buildActionMask = 2147483647;
			files = (
				053D181B20D067A300B70272 /* desert.png in Resources */,
				056167A8220258650013B1B2 /* screenshot1.png in Resources */,
				051CE0181D0FE99100AEA9CC /* icon.png in Resources */,
				051CE0161D0FE99100AEA9CC /* sansation.ttf in Resources */,
				056167A6220252320013B1B2 /* README.md in Resources */,
				053D181220C9CB8100B70272 /* car.png in Resources */,
				051CE0141D0FE99100AEA9CC /* nice_music.ogg in Resources */,
				051CE0121D0FE99100AEA9CC /* cute_image.jpg in Resources */,
			);
			runOnlyForDeploymentPostprocessing = 0;
		};
		05567E672242D4E8002508B4 /* Resources */ = {
			isa = PBXResourcesBuildPhase;
			buildActionMask = 2147483647;
			files = (
			);
			runOnlyForDeploymentPostprocessing = 0;
		};
/* End PBXResourcesBuildPhase section */

/* Begin PBXShellScriptBuildPhase section */
		051CE0041D0FE99100AEA9CC /* ShellScript */ = {
			isa = PBXShellScriptBuildPhase;
			buildActionMask = 2147483647;
			files = (
			);
			inputPaths = (
			);
			outputPaths = (
			);
			runOnlyForDeploymentPostprocessing = 0;
			shellPath = /bin/sh;
			shellScript = "# This shell script simply copies required SFML dylibs/frameworks into the application bundle frameworks folder.\n# If you're using static libraries (which is not recommended) you should remove this script from your project.\n\n# SETTINGS\nCMAKE_INSTALL_FRAMEWORK_PREFIX=\"/Library/Frameworks\"\nCMAKE_INSTALL_LIB_PREFIX=\"/usr/local/lib\"\nFRAMEWORKS_FULL_PATH=\"$BUILT_PRODUCTS_DIR/$FRAMEWORKS_FOLDER_PATH/\"\n\n# Are we building a project that uses frameworks or dylibs?\ncase \"$SFML_BINARY_TYPE\" in\n    DYLIBS)\n        frameworks=\"false\"\n        ;;\n    *)\n        frameworks=\"true\"\n        ;;\nesac\n\n# Echoes to stderr\nerror () # $* message to display\n{\n    echo $* 1>&2\n    exit 2\n}\n\nassert () # $1 is a boolean, $2...N is an error message\n{\n    if [ $# -lt 2 ]\n    then\n        error \"Internal error in assert: not enough args\"\n    fi\n\n    if [ $1 -ne 0 ]\n    then\n        shift\n        error \"$*\"\n    fi\n}\n\nforce_remove () # $@ is some paths\n{\n    test $# -ge 1\n    assert $? \"force_remove() requires at least one parameter\"\n    rm -fr $@\n    assert $? \"couldn't remove $@\"\n}\n\ncopy () # $1 is a source, $2 is a destination\n{\n    test $# -eq 2\n    assert $? \"copy() requires two parameters\"\n    ditto \"$1\" \"$2\"\n    assert $? \"couldn't copy $1 to $2\"\n}\n\nrequire () # $1 is a SFML module like 'system' or 'audio'\n{\n    dest=\"$BUILT_PRODUCTS_DIR/$FRAMEWORKS_FOLDER_PATH/\"\n\n    if [ -z \"$1\" ]\n    then\n        error \"require() requires one parameter!\"\n    else\n        # clean potentially old stuff\n        force_remove \"$dest/libsfml-$1\"*\n        force_remove \"$dest/sfml-$1.framework\"\n\n        # copy SFML libraries\n        if [ \"$frameworks\" = \"true\" ]\n        then\n            source=\"$CMAKE_INSTALL_FRAMEWORK_PREFIX/sfml-$1.framework\"\n            target=\"sfml-$1.framework\"\n        elif [ \"$SFML_LINK_DYLIBS_SUFFIX\" = \"-d\" ]\n        then\n            source=\"$CMAKE_INSTALL_LIB_PREFIX/libsfml-$1-d.dylib\"\n            target=\"`readlink $source`\"\n        else\n            source=\"$CMAKE_INSTALL_LIB_PREFIX/libsfml-$1.dylib\"\n            target=\"`readlink $source`\"\n        fi\n\n        copy \"$source\" \"$dest/$target\"\n\n        # copy extra dependencies\n        if [ \"$1\" = \"audio\" ]\n        then\n            # copy \"FLAC\" \"ogg\" \"vorbis\" \"vorbisenc\" \"vorbisfile\" \"OpenAL\" frameworks too\n            for f in \"FLAC\" \"ogg\" \"vorbis\" \"vorbisenc\" \"vorbisfile\" \"OpenAL\"\n            do\n                copy \"$CMAKE_INSTALL_FRAMEWORK_PREFIX/$f.framework\" \"$dest/$f.framework\"\n            done\n        elif [ \"$1\" = \"graphics\" ]\n        then\n            copy \"$CMAKE_INSTALL_FRAMEWORK_PREFIX/freetype.framework\" \"$dest/freetype.framework\"\n        fi\n    fi\n}\n\nif [ -n \"$SFML_SYSTEM\" ]\nthen\n    require \"system\"\nfi\n\nif [ -n \"$SFML_AUDIO\" ]\nthen\n    require \"audio\"\nfi\n\nif [ -n \"$SFML_NETWORK\" ]\nthen\n    require \"network\"\nfi\n\nif [ -n \"$SFML_WINDOW\" ]\nthen\n    require \"window\"\nfi\n\nif [ -n \"$SFML_GRAPHICS\" ]\nthen\n    require \"graphics\"\nfi\n\n                ";
		};
/* End PBXShellScriptBuildPhase section */

/* Begin PBXSourcesBuildPhase section */
		051CE0011D0FE99100AEA9CC /* Sources */ = {
			isa = PBXSourcesBuildPhase;
			buildActionMask = 2147483647;
			files = (
				051CE00F1D0FE99100AEA9CC /* main.cpp in Sources */,
				053D182120D96A4000B70272 /* Controls.cpp in Sources */,
				051CE0201D10BEB600AEA9CC /* Entity.cpp in Sources */,
				053D181620C9EEE600B70272 /* MovingEntity.cpp in Sources */,
				051CE0781D112EC400AEA9CC /* Map.cpp in Sources */,
				053D181E20D06BAF00B70272 /* Camera.cpp in Sources */,
				053D181820CF07F000B70272 /* carMath.cpp in Sources */,
				051CE00C1D0FE99100AEA9CC /* ResourcePath.mm in Sources */,
				053D181420C9EEC500B70272 /* Vehicle.cpp in Sources */,
				0586C1C81E8EC23D003BB06F /* Component.cpp in Sources */,
			);
			runOnlyForDeploymentPostprocessing = 0;
		};
		05567E652242D4E8002508B4 /* Sources */ = {
			isa = PBXSourcesBuildPhase;
			buildActionMask = 2147483647;
			files = (
			);
			runOnlyForDeploymentPostprocessing = 0;
		};
		05DA9B90227223F900872EEB /* Sources */ = {
			isa = PBXSourcesBuildPhase;
			buildActionMask = 2147483647;
			files = (
				05DA9B97227223F900872EEB /* main.cpp in Sources */,
				05DA9B9B2272240D00872EEB /* test_driving_sim.cpp in Sources */,
			);
			runOnlyForDeploymentPostprocessing = 0;
		};
/* End PBXSourcesBuildPhase section */

/* Begin PBXTargetDependency section */
		05567E6F2242D4E8002508B4 /* PBXTargetDependency */ = {
			isa = PBXTargetDependency;
			target = 051CE0051D0FE99100AEA9CC /* cargame */;
			targetProxy = 05567E6E2242D4E8002508B4 /* PBXContainerItemProxy */;
		};
/* End PBXTargetDependency section */

/* Begin XCBuildConfiguration section */
		051CE0191D0FE99100AEA9CC /* Debug */ = {
			isa = XCBuildConfiguration;
			buildSettings = {
				ALWAYS_SEARCH_USER_PATHS = NO;
				CLANG_CXX_LANGUAGE_STANDARD = "c++0x";
				CLANG_CXX_LIBRARY = "libc++";
				CLANG_WARN_BLOCK_CAPTURE_AUTORELEASING = YES;
				CLANG_WARN_BOOL_CONVERSION = YES;
				CLANG_WARN_COMMA = YES;
				CLANG_WARN_CONSTANT_CONVERSION = YES;
				CLANG_WARN_DEPRECATED_OBJC_IMPLEMENTATIONS = YES;
				CLANG_WARN_EMPTY_BODY = YES;
				CLANG_WARN_ENUM_CONVERSION = YES;
				CLANG_WARN_INFINITE_RECURSION = YES;
				CLANG_WARN_INT_CONVERSION = YES;
				CLANG_WARN_NON_LITERAL_NULL_CONVERSION = YES;
				CLANG_WARN_OBJC_IMPLICIT_RETAIN_SELF = YES;
				CLANG_WARN_OBJC_LITERAL_CONVERSION = YES;
				CLANG_WARN_RANGE_LOOP_ANALYSIS = YES;
				CLANG_WARN_STRICT_PROTOTYPES = YES;
				CLANG_WARN_SUSPICIOUS_MOVE = YES;
				CLANG_WARN_UNREACHABLE_CODE = YES;
				CLANG_WARN__DUPLICATE_METHOD_MATCH = YES;
				CODE_SIGN_IDENTITY = "Apple Development: ptroutley@comcast.net (K3XW6P6Z5H)";
				CODE_SIGN_INJECT_BASE_ENTITLEMENTS = NO;
				COPY_PHASE_STRIP = NO;
				DEBUG_INFORMATION_FORMAT = "dwarf-with-dsym";
				ENABLE_STRICT_OBJC_MSGSEND = YES;
				ENABLE_TESTABILITY = YES;
				FRAMEWORK_SEARCH_PATHS = (
					/Library/Frameworks/,
					"$(inherited)",
				);
				GCC_NO_COMMON_BLOCKS = YES;
				GCC_OPTIMIZATION_LEVEL = 0;
				GCC_VERSION = com.apple.compilers.llvm.clang.1_0;
				GCC_WARN_64_TO_32_BIT_CONVERSION = YES;
				GCC_WARN_ABOUT_RETURN_TYPE = YES;
				GCC_WARN_UNDECLARED_SELECTOR = YES;
				GCC_WARN_UNINITIALIZED_AUTOS = YES;
				GCC_WARN_UNUSED_FUNCTION = YES;
				GCC_WARN_UNUSED_VARIABLE = YES;
				HEADER_SEARCH_PATHS = (
					/usr/local/include/,
					"$(inherited)",
				);
				LIBRARY_SEARCH_PATHS = (
					/usr/local/lib/,
					"$(inherited)",
				);
				MACOSX_DEPLOYMENT_TARGET = 10.15;
				ONLY_ACTIVE_ARCH = YES;
				OTHER_CODE_SIGN_FLAGS = "--deep";
				OTHER_LDFLAGS = (
					"$(inherited)",
					"$(SFML_SYSTEM)",
					"$(SFML_WINDOW)",
					"$(SFML_GRAPHICS)",
					"$(SFML_AUDIO)",
					"$(SFML_NETWORK)",
				);
				SFML_AUDIO = "$(SFML_LINK_PREFIX) sfml-audio$(SFML_LINK_SUFFIX)";
				SFML_BINARY_TYPE = FRAMEWORKS;
				SFML_GRAPHICS = "$(SFML_LINK_PREFIX) sfml-graphics$(SFML_LINK_SUFFIX)";
				SFML_LINK_DYLIBS_PREFIX = "-l";
				SFML_LINK_DYLIBS_SUFFIX = "";
				SFML_LINK_FRAMEWORKS_PREFIX = "-framework";
				SFML_LINK_FRAMEWORKS_SUFFIX = "";
				SFML_LINK_PREFIX = "$(SFML_LINK_$(SFML_BINARY_TYPE)_PREFIX)";
				SFML_LINK_SUFFIX = "$(SFML_LINK_$(SFML_BINARY_TYPE)_SUFFIX)";
				SFML_NETWORK = "$(SFML_LINK_PREFIX) sfml-network$(SFML_LINK_SUFFIX)";
				SFML_SYSTEM = "$(SFML_LINK_PREFIX) sfml-system$(SFML_LINK_SUFFIX)";
				SFML_WINDOW = "$(SFML_LINK_PREFIX) sfml-window$(SFML_LINK_SUFFIX)";
				SUPPORTED_PLATFORMS = macosx;
			};
			name = Debug;
		};
		051CE01A1D0FE99100AEA9CC /* Release */ = {
			isa = XCBuildConfiguration;
			buildSettings = {
				ALWAYS_SEARCH_USER_PATHS = NO;
				CLANG_CXX_LANGUAGE_STANDARD = "c++0x";
				CLANG_CXX_LIBRARY = "libc++";
				CLANG_WARN_BLOCK_CAPTURE_AUTORELEASING = YES;
				CLANG_WARN_BOOL_CONVERSION = YES;
				CLANG_WARN_COMMA = YES;
				CLANG_WARN_CONSTANT_CONVERSION = YES;
				CLANG_WARN_DEPRECATED_OBJC_IMPLEMENTATIONS = YES;
				CLANG_WARN_EMPTY_BODY = YES;
				CLANG_WARN_ENUM_CONVERSION = YES;
				CLANG_WARN_INFINITE_RECURSION = YES;
				CLANG_WARN_INT_CONVERSION = YES;
				CLANG_WARN_NON_LITERAL_NULL_CONVERSION = YES;
				CLANG_WARN_OBJC_IMPLICIT_RETAIN_SELF = YES;
				CLANG_WARN_OBJC_LITERAL_CONVERSION = YES;
				CLANG_WARN_RANGE_LOOP_ANALYSIS = YES;
				CLANG_WARN_STRICT_PROTOTYPES = YES;
				CLANG_WARN_SUSPICIOUS_MOVE = YES;
				CLANG_WARN_UNREACHABLE_CODE = YES;
				CLANG_WARN__DUPLICATE_METHOD_MATCH = YES;
				CODE_SIGN_IDENTITY = "Apple Development: ptroutley@comcast.net (K3XW6P6Z5H)";
				CODE_SIGN_INJECT_BASE_ENTITLEMENTS = NO;
				COPY_PHASE_STRIP = NO;
				ENABLE_STRICT_OBJC_MSGSEND = YES;
				FRAMEWORK_SEARCH_PATHS = (
					/Library/Frameworks/,
					"$(inherited)",
				);
				GCC_NO_COMMON_BLOCKS = YES;
				GCC_OPTIMIZATION_LEVEL = 0;
				GCC_VERSION = com.apple.compilers.llvm.clang.1_0;
				GCC_WARN_64_TO_32_BIT_CONVERSION = YES;
				GCC_WARN_ABOUT_RETURN_TYPE = YES;
				GCC_WARN_UNDECLARED_SELECTOR = YES;
				GCC_WARN_UNINITIALIZED_AUTOS = YES;
				GCC_WARN_UNUSED_FUNCTION = YES;
				GCC_WARN_UNUSED_VARIABLE = YES;
				HEADER_SEARCH_PATHS = (
					/usr/local/include/,
					"$(inherited)",
				);
				LIBRARY_SEARCH_PATHS = (
					/usr/local/lib/,
					"$(inherited)",
				);
				MACOSX_DEPLOYMENT_TARGET = 10.15;
				OTHER_CODE_SIGN_FLAGS = "--deep";
				OTHER_LDFLAGS = (
					"$(inherited)",
					"$(SFML_SYSTEM)",
					"$(SFML_WINDOW)",
					"$(SFML_GRAPHICS)",
					"$(SFML_AUDIO)",
					"$(SFML_NETWORK)",
				);
				SFML_AUDIO = "$(SFML_LINK_PREFIX) sfml-audio$(SFML_LINK_SUFFIX)";
				SFML_BINARY_TYPE = FRAMEWORKS;
				SFML_GRAPHICS = "$(SFML_LINK_PREFIX) sfml-graphics$(SFML_LINK_SUFFIX)";
				SFML_LINK_DYLIBS_PREFIX = "-l";
				SFML_LINK_DYLIBS_SUFFIX = "";
				SFML_LINK_FRAMEWORKS_PREFIX = "-framework";
				SFML_LINK_FRAMEWORKS_SUFFIX = "";
				SFML_LINK_PREFIX = "$(SFML_LINK_$(SFML_BINARY_TYPE)_PREFIX)";
				SFML_LINK_SUFFIX = "$(SFML_LINK_$(SFML_BINARY_TYPE)_SUFFIX)";
				SFML_NETWORK = "$(SFML_LINK_PREFIX) sfml-network$(SFML_LINK_SUFFIX)";
				SFML_SYSTEM = "$(SFML_LINK_PREFIX) sfml-system$(SFML_LINK_SUFFIX)";
				SFML_WINDOW = "$(SFML_LINK_PREFIX) sfml-window$(SFML_LINK_SUFFIX)";
				SUPPORTED_PLATFORMS = macosx;
			};
			name = Release;
		};
		051CE01C1D0FE99100AEA9CC /* Debug */ = {
			isa = XCBuildConfiguration;
			buildSettings = {
				CLANG_ENABLE_OBJC_WEAK = YES;
				CODE_SIGN_IDENTITY = "-";
				INFOPLIST_FILE = "cargame/cargame-Info.plist";
				LD_RUNPATH_SEARCH_PATHS = "@loader_path/../Frameworks";
				PRODUCT_BUNDLE_IDENTIFIER = "com.chicmagnate.${PRODUCT_NAME:rfc1034identifier}";
				PRODUCT_NAME = "$(TARGET_NAME)";
			};
			name = Debug;
		};
		051CE01D1D0FE99100AEA9CC /* Release */ = {
			isa = XCBuildConfiguration;
			buildSettings = {
				CLANG_ENABLE_OBJC_WEAK = YES;
				CODE_SIGN_IDENTITY = "-";
				INFOPLIST_FILE = "cargame/cargame-Info.plist";
				LD_RUNPATH_SEARCH_PATHS = "@loader_path/../Frameworks";
				PRODUCT_BUNDLE_IDENTIFIER = "com.chicmagnate.${PRODUCT_NAME:rfc1034identifier}";
				PRODUCT_NAME = "$(TARGET_NAME)";
			};
			name = Release;
		};
		05567E712242D4E8002508B4 /* Debug */ = {
			isa = XCBuildConfiguration;
			buildSettings = {
				BUNDLE_LOADER = "$(TEST_HOST)";
				CLANG_ANALYZER_NONNULL = YES;
				CLANG_ANALYZER_NUMBER_OBJECT_CONVERSION = YES_AGGRESSIVE;
				CLANG_CXX_LANGUAGE_STANDARD = "gnu++14";
				CLANG_ENABLE_MODULES = YES;
				CLANG_ENABLE_OBJC_ARC = YES;
				CLANG_ENABLE_OBJC_WEAK = YES;
				CLANG_WARN_DIRECT_OBJC_ISA_USAGE = YES_ERROR;
				CLANG_WARN_DOCUMENTATION_COMMENTS = YES;
				CLANG_WARN_OBJC_ROOT_CLASS = YES_ERROR;
				CLANG_WARN_UNGUARDED_AVAILABILITY = YES_AGGRESSIVE;
				CODE_SIGN_IDENTITY = "-";
				CODE_SIGN_STYLE = Automatic;
				COMBINE_HIDPI_IMAGES = YES;
				DEBUG_INFORMATION_FORMAT = dwarf;
				GCC_C_LANGUAGE_STANDARD = gnu11;
				GCC_DYNAMIC_NO_PIC = NO;
				GCC_PREPROCESSOR_DEFINITIONS = (
					"DEBUG=1",
					"$(inherited)",
				);
				GCC_WARN_ABOUT_RETURN_TYPE = YES_ERROR;
				GCC_WARN_UNINITIALIZED_AUTOS = YES_AGGRESSIVE;
				INFOPLIST_FILE = cargameTests/Info.plist;
				LD_RUNPATH_SEARCH_PATHS = "$(inherited) @executable_path/../Frameworks @loader_path/../Frameworks";
				MACOSX_DEPLOYMENT_TARGET = 10.13;
				MTL_ENABLE_DEBUG_INFO = INCLUDE_SOURCE;
				MTL_FAST_MATH = YES;
				PRODUCT_BUNDLE_IDENTIFIER = com.chicmagnate.cargameTests;
				PRODUCT_NAME = "$(TARGET_NAME)";
				SDKROOT = macosx;
				SWIFT_ACTIVE_COMPILATION_CONDITIONS = DEBUG;
				SWIFT_OPTIMIZATION_LEVEL = "-Onone";
				SWIFT_VERSION = 4.2;
				TEST_HOST = "$(BUILT_PRODUCTS_DIR)/cargame.app/Contents/MacOS/cargame";
			};
			name = Debug;
		};
		05567E722242D4E8002508B4 /* Release */ = {
			isa = XCBuildConfiguration;
			buildSettings = {
				BUNDLE_LOADER = "$(TEST_HOST)";
				CLANG_ANALYZER_NONNULL = YES;
				CLANG_ANALYZER_NUMBER_OBJECT_CONVERSION = YES_AGGRESSIVE;
				CLANG_CXX_LANGUAGE_STANDARD = "gnu++14";
				CLANG_ENABLE_MODULES = YES;
				CLANG_ENABLE_OBJC_ARC = YES;
				CLANG_ENABLE_OBJC_WEAK = YES;
				CLANG_WARN_DIRECT_OBJC_ISA_USAGE = YES_ERROR;
				CLANG_WARN_DOCUMENTATION_COMMENTS = YES;
				CLANG_WARN_OBJC_ROOT_CLASS = YES_ERROR;
				CLANG_WARN_UNGUARDED_AVAILABILITY = YES_AGGRESSIVE;
				CODE_SIGN_IDENTITY = "-";
				CODE_SIGN_STYLE = Automatic;
				COMBINE_HIDPI_IMAGES = YES;
				DEBUG_INFORMATION_FORMAT = "dwarf-with-dsym";
				ENABLE_NS_ASSERTIONS = NO;
				GCC_C_LANGUAGE_STANDARD = gnu11;
				GCC_WARN_ABOUT_RETURN_TYPE = YES_ERROR;
				GCC_WARN_UNINITIALIZED_AUTOS = YES_AGGRESSIVE;
				INFOPLIST_FILE = cargameTests/Info.plist;
				LD_RUNPATH_SEARCH_PATHS = "$(inherited) @executable_path/../Frameworks @loader_path/../Frameworks";
				MACOSX_DEPLOYMENT_TARGET = 10.13;
				MTL_ENABLE_DEBUG_INFO = NO;
				MTL_FAST_MATH = YES;
				PRODUCT_BUNDLE_IDENTIFIER = com.chicmagnate.cargameTests;
				PRODUCT_NAME = "$(TARGET_NAME)";
				SDKROOT = macosx;
				SWIFT_OPTIMIZATION_LEVEL = "-Owholemodule";
				SWIFT_VERSION = 4.2;
				TEST_HOST = "$(BUILT_PRODUCTS_DIR)/cargame.app/Contents/MacOS/cargame";
			};
			name = Release;
		};
		05DA9B99227223F900872EEB /* Debug */ = {
			isa = XCBuildConfiguration;
			buildSettings = {
				CLANG_ANALYZER_NONNULL = YES;
				CLANG_ANALYZER_NUMBER_OBJECT_CONVERSION = YES_AGGRESSIVE;
				CLANG_CXX_LANGUAGE_STANDARD = "gnu++14";
				CLANG_ENABLE_MODULES = YES;
				CLANG_ENABLE_OBJC_ARC = YES;
				CLANG_ENABLE_OBJC_WEAK = YES;
				CLANG_WARN_DIRECT_OBJC_ISA_USAGE = YES_ERROR;
				CLANG_WARN_DOCUMENTATION_COMMENTS = YES;
				CLANG_WARN_OBJC_ROOT_CLASS = YES_ERROR;
				CLANG_WARN_UNGUARDED_AVAILABILITY = YES_AGGRESSIVE;
				CODE_SIGN_IDENTITY = "-";
				CODE_SIGN_STYLE = Automatic;
				DEBUG_INFORMATION_FORMAT = dwarf;
				GCC_C_LANGUAGE_STANDARD = gnu11;
				GCC_DYNAMIC_NO_PIC = NO;
				GCC_PREPROCESSOR_DEFINITIONS = (
					"DEBUG=1",
					"$(inherited)",
				);
				GCC_WARN_ABOUT_RETURN_TYPE = YES_ERROR;
				GCC_WARN_UNINITIALIZED_AUTOS = YES_AGGRESSIVE;
				MACOSX_DEPLOYMENT_TARGET = 10.13;
				MTL_ENABLE_DEBUG_INFO = INCLUDE_SOURCE;
				MTL_FAST_MATH = YES;
				PRODUCT_NAME = "$(TARGET_NAME)";
				SDKROOT = macosx;
			};
			name = Debug;
		};
		05DA9B9A227223F900872EEB /* Release */ = {
			isa = XCBuildConfiguration;
			buildSettings = {
				CLANG_ANALYZER_NONNULL = YES;
				CLANG_ANALYZER_NUMBER_OBJECT_CONVERSION = YES_AGGRESSIVE;
				CLANG_CXX_LANGUAGE_STANDARD = "gnu++14";
				CLANG_ENABLE_MODULES = YES;
				CLANG_ENABLE_OBJC_ARC = YES;
				CLANG_ENABLE_OBJC_WEAK = YES;
				CLANG_WARN_DIRECT_OBJC_ISA_USAGE = YES_ERROR;
				CLANG_WARN_DOCUMENTATION_COMMENTS = YES;
				CLANG_WARN_OBJC_ROOT_CLASS = YES_ERROR;
				CLANG_WARN_UNGUARDED_AVAILABILITY = YES_AGGRESSIVE;
				CODE_SIGN_IDENTITY = "-";
				CODE_SIGN_STYLE = Automatic;
				DEBUG_INFORMATION_FORMAT = "dwarf-with-dsym";
				ENABLE_NS_ASSERTIONS = NO;
				GCC_C_LANGUAGE_STANDARD = gnu11;
				GCC_WARN_ABOUT_RETURN_TYPE = YES_ERROR;
				GCC_WARN_UNINITIALIZED_AUTOS = YES_AGGRESSIVE;
				MACOSX_DEPLOYMENT_TARGET = 10.13;
				MTL_ENABLE_DEBUG_INFO = NO;
				MTL_FAST_MATH = YES;
				PRODUCT_NAME = "$(TARGET_NAME)";
				SDKROOT = macosx;
			};
			name = Release;
		};
/* End XCBuildConfiguration section */

/* Begin XCConfigurationList section */
		051CE0001D0FE99100AEA9CC /* Build configuration list for PBXProject "cargame" */ = {
			isa = XCConfigurationList;
			buildConfigurations = (
				051CE0191D0FE99100AEA9CC /* Debug */,
				051CE01A1D0FE99100AEA9CC /* Release */,
			);
			defaultConfigurationIsVisible = 0;
			defaultConfigurationName = Release;
		};
		051CE01B1D0FE99100AEA9CC /* Build configuration list for PBXNativeTarget "cargame" */ = {
			isa = XCConfigurationList;
			buildConfigurations = (
				051CE01C1D0FE99100AEA9CC /* Debug */,
				051CE01D1D0FE99100AEA9CC /* Release */,
			);
			defaultConfigurationIsVisible = 0;
			defaultConfigurationName = Release;
		};
		05567E702242D4E8002508B4 /* Build configuration list for PBXNativeTarget "cargameTests" */ = {
			isa = XCConfigurationList;
			buildConfigurations = (
				05567E712242D4E8002508B4 /* Debug */,
				05567E722242D4E8002508B4 /* Release */,
			);
			defaultConfigurationIsVisible = 0;
			defaultConfigurationName = Release;
		};
		05DA9B98227223F900872EEB /* Build configuration list for PBXNativeTarget "TestCarGame" */ = {
			isa = XCConfigurationList;
			buildConfigurations = (
				05DA9B99227223F900872EEB /* Debug */,
				05DA9B9A227223F900872EEB /* Release */,
			);
			defaultConfigurationIsVisible = 0;
			defaultConfigurationName = Release;
		};
/* End XCConfigurationList section */
	};
	rootObject = 051CDFFD1D0FE99100AEA9CC /* Project object */;
}
