// !$*UTF8*$!
{
	archiveVersion = 1;
	classes = {
	};
	objectVersion = 46;
	objects = {

/* Begin PBXBuildFile section */
		051CE00C1D0FE99100AEA9CC /* ResourcePath.mm in Sources */ = {isa = PBXBuildFile; fileRef = 051CE00B1D0FE99100AEA9CC /* ResourcePath.mm */; };
		051CE00F1D0FE99100AEA9CC /* main.cpp in Sources */ = {isa = PBXBuildFile; fileRef = 051CE00E1D0FE99100AEA9CC /* main.cpp */; };
		051CE0121D0FE99100AEA9CC /* cute_image.jpg in Resources */ = {isa = PBXBuildFile; fileRef = 051CE0111D0FE99100AEA9CC /* cute_image.jpg */; };
		051CE0141D0FE99100AEA9CC /* nice_music.ogg in Resources */ = {isa = PBXBuildFile; fileRef = 051CE0131D0FE99100AEA9CC /* nice_music.ogg */; };
		051CE0161D0FE99100AEA9CC /* sansation.ttf in Resources */ = {isa = PBXBuildFile; fileRef = 051CE0151D0FE99100AEA9CC /* sansation.ttf */; };
		051CE0181D0FE99100AEA9CC /* icon.png in Resources */ = {isa = PBXBuildFile; fileRef = 051CE0171D0FE99100AEA9CC /* icon.png */; };
		051CE0201D10BEB600AEA9CC /* Entity.cpp in Sources */ = {isa = PBXBuildFile; fileRef = 051CE01E1D10BEB600AEA9CC /* Entity.cpp */; };
		051CE0781D112EC400AEA9CC /* Map.cpp in Sources */ = {isa = PBXBuildFile; fileRef = 051CE0761D112EC400AEA9CC /* Map.cpp */; };
/* End PBXBuildFile section */

/* Begin PBXFileReference section */
		051CE0061D0FE99100AEA9CC /* cargame.app */ = {isa = PBXFileReference; explicitFileType = wrapper.application; includeInIndex = 0; path = cargame.app; sourceTree = BUILT_PRODUCTS_DIR; };
		051CE00A1D0FE99100AEA9CC /* cargame-Info.plist */ = {isa = PBXFileReference; lastKnownFileType = text.plist.xml; path = "cargame-Info.plist"; sourceTree = "<group>"; };
		051CE00B1D0FE99100AEA9CC /* ResourcePath.mm */ = {isa = PBXFileReference; lastKnownFileType = sourcecode.cpp.objcpp; path = ResourcePath.mm; sourceTree = "<group>"; };
		051CE00D1D0FE99100AEA9CC /* ResourcePath.hpp */ = {isa = PBXFileReference; lastKnownFileType = sourcecode.cpp.h; path = ResourcePath.hpp; sourceTree = "<group>"; };
		051CE00E1D0FE99100AEA9CC /* main.cpp */ = {isa = PBXFileReference; lastKnownFileType = sourcecode.cpp.cpp; path = main.cpp; sourceTree = "<group>"; };
		051CE0111D0FE99100AEA9CC /* cute_image.jpg */ = {isa = PBXFileReference; lastKnownFileType = image.jpeg; path = cute_image.jpg; sourceTree = "<group>"; };
		051CE0131D0FE99100AEA9CC /* nice_music.ogg */ = {isa = PBXFileReference; lastKnownFileType = file; path = nice_music.ogg; sourceTree = "<group>"; };
		051CE0151D0FE99100AEA9CC /* sansation.ttf */ = {isa = PBXFileReference; lastKnownFileType = file; path = sansation.ttf; sourceTree = "<group>"; };
		051CE0171D0FE99100AEA9CC /* icon.png */ = {isa = PBXFileReference; lastKnownFileType = image.png; path = icon.png; sourceTree = "<group>"; };
		051CE01E1D10BEB600AEA9CC /* Entity.cpp */ = {isa = PBXFileReference; fileEncoding = 4; lastKnownFileType = sourcecode.cpp.cpp; path = Entity.cpp; sourceTree = "<group>"; };
		051CE01F1D10BEB600AEA9CC /* Entity.hpp */ = {isa = PBXFileReference; fileEncoding = 4; lastKnownFileType = sourcecode.cpp.h; path = Entity.hpp; sourceTree = "<group>"; };
		051CE0761D112EC400AEA9CC /* Map.cpp */ = {isa = PBXFileReference; fileEncoding = 4; lastKnownFileType = sourcecode.cpp.cpp; path = Map.cpp; sourceTree = "<group>"; };
		051CE0771D112EC400AEA9CC /* Map.hpp */ = {isa = PBXFileReference; fileEncoding = 4; lastKnownFileType = sourcecode.cpp.h; path = Map.hpp; sourceTree = "<group>"; };
		051CE0791D112F7200AEA9CC /* Config.hpp */ = {isa = PBXFileReference; lastKnownFileType = sourcecode.cpp.h; path = Config.hpp; sourceTree = "<group>"; };
/* End PBXFileReference section */

/* Begin PBXFrameworksBuildPhase section */
		051CE0021D0FE99100AEA9CC /* Frameworks */ = {
			isa = PBXFrameworksBuildPhase;
			buildActionMask = 2147483647;
			files = (
			);
			runOnlyForDeploymentPostprocessing = 0;
		};
/* End PBXFrameworksBuildPhase section */

/* Begin PBXGroup section */
		051CDFFC1D0FE99100AEA9CC = {
			isa = PBXGroup;
			children = (
				051CE0081D0FE99100AEA9CC /* cargame */,
				051CE0071D0FE99100AEA9CC /* Products */,
			);
			sourceTree = "<group>";
		};
		051CE0071D0FE99100AEA9CC /* Products */ = {
			isa = PBXGroup;
			children = (
				051CE0061D0FE99100AEA9CC /* cargame.app */,
			);
			name = Products;
			sourceTree = "<group>";
		};
		051CE0081D0FE99100AEA9CC /* cargame */ = {
			isa = PBXGroup;
			children = (
				051CE0791D112F7200AEA9CC /* Config.hpp */,
				051CE0761D112EC400AEA9CC /* Map.cpp */,
				051CE0771D112EC400AEA9CC /* Map.hpp */,
				051CE00B1D0FE99100AEA9CC /* ResourcePath.mm */,
				051CE00D1D0FE99100AEA9CC /* ResourcePath.hpp */,
				051CE00E1D0FE99100AEA9CC /* main.cpp */,
				051CE01E1D10BEB600AEA9CC /* Entity.cpp */,
				051CE01F1D10BEB600AEA9CC /* Entity.hpp */,
				051CE0101D0FE99100AEA9CC /* Resources */,
				051CE0091D0FE99100AEA9CC /* Supporting Files */,
			);
			path = cargame;
			sourceTree = "<group>";
		};
		051CE0091D0FE99100AEA9CC /* Supporting Files */ = {
			isa = PBXGroup;
			children = (
				051CE00A1D0FE99100AEA9CC /* cargame-Info.plist */,
			);
			name = "Supporting Files";
			sourceTree = "<group>";
		};
		051CE0101D0FE99100AEA9CC /* Resources */ = {
			isa = PBXGroup;
			children = (
				051CE0111D0FE99100AEA9CC /* cute_image.jpg */,
				051CE0131D0FE99100AEA9CC /* nice_music.ogg */,
				051CE0151D0FE99100AEA9CC /* sansation.ttf */,
				051CE0171D0FE99100AEA9CC /* icon.png */,
			);
			name = Resources;
			sourceTree = "<group>";
		};
/* End PBXGroup section */

/* Begin PBXNativeTarget section */
		051CE0051D0FE99100AEA9CC /* cargame */ = {
			isa = PBXNativeTarget;
			buildConfigurationList = 051CE01B1D0FE99100AEA9CC /* Build configuration list for PBXNativeTarget "cargame" */;
			buildPhases = (
				051CE0011D0FE99100AEA9CC /* Sources */,
				051CE0021D0FE99100AEA9CC /* Frameworks */,
				051CE0031D0FE99100AEA9CC /* Resources */,
				051CE0041D0FE99100AEA9CC /* ShellScript */,
			);
			buildRules = (
			);
			dependencies = (
			);
			name = cargame;
			productName = cargame;
			productReference = 051CE0061D0FE99100AEA9CC /* cargame.app */;
			productType = "com.apple.product-type.application";
		};
/* End PBXNativeTarget section */

/* Begin PBXProject section */
		051CDFFD1D0FE99100AEA9CC /* Project object */ = {
			isa = PBXProject;
			attributes = {
				LastUpgradeCheck = 0730;
				ORGANIZATIONNAME = "Philip Routley";
				TargetAttributes = {
					051CE0051D0FE99100AEA9CC = {
						CreatedOnToolsVersion = 7.3.1;
					};
				};
			};
			buildConfigurationList = 051CE0001D0FE99100AEA9CC /* Build configuration list for PBXProject "cargame" */;
			compatibilityVersion = "Xcode 3.2";
			developmentRegion = English;
			hasScannedForEncodings = 0;
			knownRegions = (
				en,
			);
			mainGroup = 051CDFFC1D0FE99100AEA9CC;
			productRefGroup = 051CE0071D0FE99100AEA9CC /* Products */;
			projectDirPath = "";
			projectRoot = "";
			targets = (
				051CE0051D0FE99100AEA9CC /* cargame */,
			);
		};
/* End PBXProject section */

/* Begin PBXResourcesBuildPhase section */
		051CE0031D0FE99100AEA9CC /* Resources */ = {
			isa = PBXResourcesBuildPhase;
			buildActionMask = 2147483647;
			files = (
				051CE0181D0FE99100AEA9CC /* icon.png in Resources */,
				051CE0161D0FE99100AEA9CC /* sansation.ttf in Resources */,
				051CE0141D0FE99100AEA9CC /* nice_music.ogg in Resources */,
				051CE0121D0FE99100AEA9CC /* cute_image.jpg in Resources */,
			);
			runOnlyForDeploymentPostprocessing = 0;
		};
/* End PBXResourcesBuildPhase section */

/* Begin PBXShellScriptBuildPhase section */
		051CE0041D0FE99100AEA9CC /* ShellScript */ = {
			isa = PBXShellScriptBuildPhase;
			buildActionMask = 2147483647;
			files = (
			);
			inputPaths = (
			);
			outputPaths = (
			);
			runOnlyForDeploymentPostprocessing = 0;
			shellPath = /bin/sh;
			shellScript = "# This shell script simply copies required SFML dylibs/frameworks into the application bundle frameworks folder.\n# If you're using static libraries (which is not recommended) you should remove this script from your project.\n\n# SETTINGS\nCMAKE_INSTALL_FRAMEWORK_PREFIX=\"/Library/Frameworks\"\nCMAKE_INSTALL_LIB_PREFIX=\"/usr/local/lib\"\nFRAMEWORKS_FULL_PATH=\"$BUILT_PRODUCTS_DIR/$FRAMEWORKS_FOLDER_PATH/\"\n\n# Are we building a project that uses frameworks or dylibs?\ncase \"$SFML_BINARY_TYPE\" in\n    DYLIBS)\n        frameworks=\"false\"\n        ;;\n    *)\n        frameworks=\"true\"\n        ;;\nesac\n\n# Echoes to stderr\nerror () # $* message to display\n{\n    echo $* 1>&2\n    exit 2\n}\n\nassert () # $1 is a boolean, $2...N is an error message\n{\n    if [ $# -lt 2 ]\n    then\n        error \"Internal error in assert: not enough args\"\n    fi\n\n    if [ $1 -ne 0 ]\n    then\n        shift\n        error \"$*\"\n    fi\n}\n\nforce_remove () # $@ is some paths\n{\n    test $# -ge 1\n    assert $? \"force_remove() requires at least one parameter\"\n    rm -fr $@\n    assert $? \"couldn't remove $@\"\n}\n\ncopy () # $1 is a source, $2 is a destination\n{\n    test $# -eq 2\n    assert $? \"copy() requires two parameters\"\n    ditto \"$1\" \"$2\"\n    assert $? \"couldn't copy $1 to $2\"\n}\n\nrequire () # $1 is a SFML module like 'system' or 'audio'\n{\n    dest=\"$BUILT_PRODUCTS_DIR/$FRAMEWORKS_FOLDER_PATH/\"\n\n    if [ -z \"$1\" ]\n    then\n        error \"require() requires one parameter!\"\n    else\n        # clean potentially old stuff\n        force_remove \"$dest/libsfml-$1\"*\n        force_remove \"$dest/sfml-$1.framework\"\n\n        # copy SFML libraries\n        if [ \"$frameworks\" = \"true\" ]\n        then\n            source=\"$CMAKE_INSTALL_FRAMEWORK_PREFIX/sfml-$1.framework\"\n            target=\"sfml-$1.framework\"\n        elif [ \"$SFML_LINK_DYLIBS_SUFFIX\" = \"-d\" ]\n        then\n            source=\"$CMAKE_INSTALL_LIB_PREFIX/libsfml-$1-d.dylib\"\n            target=\"`readlink $source`\"\n        else\n            source=\"$CMAKE_INSTALL_LIB_PREFIX/libsfml-$1.dylib\"\n            target=\"`readlink $source`\"\n        fi\n\n        copy \"$source\" \"$dest/$target\"\n\n        # copy extra dependencies\n        if [ \"$1\" = \"audio\" ]\n        then\n            # copy \"FLAC\" \"ogg\" \"vorbis\" \"vorbisenc\" \"vorbisfile\" \"OpenAL\" frameworks too\n            for f in \"FLAC\" \"ogg\" \"vorbis\" \"vorbisenc\" \"vorbisfile\" \"OpenAL\"\n            do\n                copy \"$CMAKE_INSTALL_FRAMEWORK_PREFIX/$f.framework\" \"$dest/$f.framework\"\n            done\n        elif [ \"$1\" = \"graphics\" ]\n        then\n            copy \"$CMAKE_INSTALL_FRAMEWORK_PREFIX/freetype.framework\" \"$dest/freetype.framework\"\n        fi\n    fi\n}\n\nif [ -n \"$SFML_SYSTEM\" ]\nthen\n    require \"system\"\nfi\n\nif [ -n \"$SFML_AUDIO\" ]\nthen\n    require \"audio\"\nfi\n\nif [ -n \"$SFML_NETWORK\" ]\nthen\n    require \"network\"\nfi\n\nif [ -n \"$SFML_WINDOW\" ]\nthen\n    require \"window\"\nfi\n\nif [ -n \"$SFML_GRAPHICS\" ]\nthen\n    require \"graphics\"\nfi\n\n                ";
		};
/* End PBXShellScriptBuildPhase section */

/* Begin PBXSourcesBuildPhase section */
		051CE0011D0FE99100AEA9CC /* Sources */ = {
			isa = PBXSourcesBuildPhase;
			buildActionMask = 2147483647;
			files = (
				051CE00F1D0FE99100AEA9CC /* main.cpp in Sources */,
				051CE0201D10BEB600AEA9CC /* Entity.cpp in Sources */,
				051CE0781D112EC400AEA9CC /* Map.cpp in Sources */,
				051CE00C1D0FE99100AEA9CC /* ResourcePath.mm in Sources */,
			);
			runOnlyForDeploymentPostprocessing = 0;
		};
/* End PBXSourcesBuildPhase section */

/* Begin XCBuildConfiguration section */
		051CE0191D0FE99100AEA9CC /* Debug */ = {
			isa = XCBuildConfiguration;
			buildSettings = {
				ARCHS = (
					i386,
					x86_64,
				);
				CLANG_CXX_LANGUAGE_STANDARD = "c++0x";
				CLANG_CXX_LIBRARY = "libc++";
				FRAMEWORK_SEARCH_PATHS = (
					/Library/Frameworks/,
					"$(inherited)",
				);
				GCC_VERSION = com.apple.compilers.llvm.clang.1_0;
				HEADER_SEARCH_PATHS = (
					/usr/local/include/,
					"$(inherited)",
				);
				LIBRARY_SEARCH_PATHS = (
					/usr/local/lib/,
					"$(inherited)",
				);
				MACOSX_DEPLOYMENT_TARGET = 10.7;
				OTHER_LDFLAGS = (
					"$(inherited)",
					"$(SFML_SYSTEM)",
					"$(SFML_WINDOW)",
					"$(SFML_GRAPHICS)",
					"$(SFML_AUDIO)",
					"$(SFML_NETWORK)",
				);
				SFML_AUDIO = "$(SFML_LINK_PREFIX) sfml-audio$(SFML_LINK_SUFFIX)";
				SFML_BINARY_TYPE = FRAMEWORKS;
				SFML_GRAPHICS = "$(SFML_LINK_PREFIX) sfml-graphics$(SFML_LINK_SUFFIX)";
				SFML_LINK_DYLIBS_PREFIX = "-l";
				SFML_LINK_DYLIBS_SUFFIX = "";
				SFML_LINK_FRAMEWORKS_PREFIX = "-framework";
				SFML_LINK_FRAMEWORKS_SUFFIX = "";
				SFML_LINK_PREFIX = "$(SFML_LINK_$(SFML_BINARY_TYPE)_PREFIX)";
				SFML_LINK_SUFFIX = "$(SFML_LINK_$(SFML_BINARY_TYPE)_SUFFIX)";
				SFML_NETWORK = "$(SFML_LINK_PREFIX) sfml-network$(SFML_LINK_SUFFIX)";
				SFML_SYSTEM = "$(SFML_LINK_PREFIX) sfml-system$(SFML_LINK_SUFFIX)";
				SFML_WINDOW = "$(SFML_LINK_PREFIX) sfml-window$(SFML_LINK_SUFFIX)";
				SUPPORTED_PLATFORMS = macosx;
			};
			name = Debug;
		};
		051CE01A1D0FE99100AEA9CC /* Release */ = {
			isa = XCBuildConfiguration;
			buildSettings = {
				ARCHS = (
					i386,
					x86_64,
				);
				CLANG_CXX_LANGUAGE_STANDARD = "c++0x";
				CLANG_CXX_LIBRARY = "libc++";
				FRAMEWORK_SEARCH_PATHS = (
					/Library/Frameworks/,
					"$(inherited)",
				);
				GCC_VERSION = com.apple.compilers.llvm.clang.1_0;
				HEADER_SEARCH_PATHS = (
					/usr/local/include/,
					"$(inherited)",
				);
				LIBRARY_SEARCH_PATHS = (
					/usr/local/lib/,
					"$(inherited)",
				);
				MACOSX_DEPLOYMENT_TARGET = 10.7;
				OTHER_LDFLAGS = (
					"$(inherited)",
					"$(SFML_SYSTEM)",
					"$(SFML_WINDOW)",
					"$(SFML_GRAPHICS)",
					"$(SFML_AUDIO)",
					"$(SFML_NETWORK)",
				);
				SFML_AUDIO = "$(SFML_LINK_PREFIX) sfml-audio$(SFML_LINK_SUFFIX)";
				SFML_BINARY_TYPE = FRAMEWORKS;
				SFML_GRAPHICS = "$(SFML_LINK_PREFIX) sfml-graphics$(SFML_LINK_SUFFIX)";
				SFML_LINK_DYLIBS_PREFIX = "-l";
				SFML_LINK_DYLIBS_SUFFIX = "";
				SFML_LINK_FRAMEWORKS_PREFIX = "-framework";
				SFML_LINK_FRAMEWORKS_SUFFIX = "";
				SFML_LINK_PREFIX = "$(SFML_LINK_$(SFML_BINARY_TYPE)_PREFIX)";
				SFML_LINK_SUFFIX = "$(SFML_LINK_$(SFML_BINARY_TYPE)_SUFFIX)";
				SFML_NETWORK = "$(SFML_LINK_PREFIX) sfml-network$(SFML_LINK_SUFFIX)";
				SFML_SYSTEM = "$(SFML_LINK_PREFIX) sfml-system$(SFML_LINK_SUFFIX)";
				SFML_WINDOW = "$(SFML_LINK_PREFIX) sfml-window$(SFML_LINK_SUFFIX)";
				SUPPORTED_PLATFORMS = macosx;
			};
			name = Release;
		};
		051CE01C1D0FE99100AEA9CC /* Debug */ = {
			isa = XCBuildConfiguration;
			buildSettings = {
				INFOPLIST_FILE = "cargame/cargame-Info.plist";
				LD_RUNPATH_SEARCH_PATHS = "@loader_path/../Frameworks";
				PRODUCT_NAME = "$(TARGET_NAME)";
			};
			name = Debug;
		};
		051CE01D1D0FE99100AEA9CC /* Release */ = {
			isa = XCBuildConfiguration;
			buildSettings = {
				INFOPLIST_FILE = "cargame/cargame-Info.plist";
				LD_RUNPATH_SEARCH_PATHS = "@loader_path/../Frameworks";
				PRODUCT_NAME = "$(TARGET_NAME)";
			};
			name = Release;
		};
/* End XCBuildConfiguration section */

/* Begin XCConfigurationList section */
		051CE0001D0FE99100AEA9CC /* Build configuration list for PBXProject "cargame" */ = {
			isa = XCConfigurationList;
			buildConfigurations = (
				051CE0191D0FE99100AEA9CC /* Debug */,
				051CE01A1D0FE99100AEA9CC /* Release */,
			);
			defaultConfigurationIsVisible = 0;
			defaultConfigurationName = Release;
		};
		051CE01B1D0FE99100AEA9CC /* Build configuration list for PBXNativeTarget "cargame" */ = {
			isa = XCConfigurationList;
			buildConfigurations = (
				051CE01C1D0FE99100AEA9CC /* Debug */,
				051CE01D1D0FE99100AEA9CC /* Release */,
			);
			defaultConfigurationIsVisible = 0;
		};
/* End XCConfigurationList section */
	};
	rootObject = 051CDFFD1D0FE99100AEA9CC /* Project object */;
}
